// !$*UTF8*$!
{
	archiveVersion = 1;
	classes = {
	};
	objectVersion = 50;
	objects = {

/* Begin PBXBuildFile section */
		F1CE340C219689F900568D74 /* AppDelegate.swift in Sources */ = {isa = PBXBuildFile; fileRef = F1CE340B219689F900568D74 /* AppDelegate.swift */; };
		F1CE3411219689F900568D74 /* Main.storyboard in Resources */ = {isa = PBXBuildFile; fileRef = F1CE340F219689F900568D74 /* Main.storyboard */; };
		F1CE3413219689FB00568D74 /* Assets.xcassets in Resources */ = {isa = PBXBuildFile; fileRef = F1CE3412219689FB00568D74 /* Assets.xcassets */; };
		F1CE3416219689FB00568D74 /* LaunchScreen.storyboard in Resources */ = {isa = PBXBuildFile; fileRef = F1CE3414219689FB00568D74 /* LaunchScreen.storyboard */; };
		F1CE341E219692DB00568D74 /* ContactsTableViewController.swift in Sources */ = {isa = PBXBuildFile; fileRef = F1CE341D219692DB00568D74 /* ContactsTableViewController.swift */; };
		F1CE342621969B4B00568D74 /* Contacts.json in Resources */ = {isa = PBXBuildFile; fileRef = F1CE342521969B4B00568D74 /* Contacts.json */; };
/* End PBXBuildFile section */

/* Begin PBXFileReference section */
		F1CE3408219689F900568D74 /* Workshop.app */ = {isa = PBXFileReference; explicitFileType = wrapper.application; includeInIndex = 0; path = Workshop.app; sourceTree = BUILT_PRODUCTS_DIR; };
		F1CE340B219689F900568D74 /* AppDelegate.swift */ = {isa = PBXFileReference; lastKnownFileType = sourcecode.swift; path = AppDelegate.swift; sourceTree = "<group>"; };
		F1CE3410219689F900568D74 /* Base */ = {isa = PBXFileReference; lastKnownFileType = file.storyboard; name = Base; path = Base.lproj/Main.storyboard; sourceTree = "<group>"; };
		F1CE3412219689FB00568D74 /* Assets.xcassets */ = {isa = PBXFileReference; lastKnownFileType = folder.assetcatalog; path = Assets.xcassets; sourceTree = "<group>"; };
		F1CE3415219689FB00568D74 /* Base */ = {isa = PBXFileReference; lastKnownFileType = file.storyboard; name = Base; path = Base.lproj/LaunchScreen.storyboard; sourceTree = "<group>"; };
		F1CE3417219689FB00568D74 /* Info.plist */ = {isa = PBXFileReference; lastKnownFileType = text.plist.xml; path = Info.plist; sourceTree = "<group>"; };
		F1CE341D219692DB00568D74 /* ContactsTableViewController.swift */ = {isa = PBXFileReference; lastKnownFileType = sourcecode.swift; path = ContactsTableViewController.swift; sourceTree = "<group>"; };
		F1CE342521969B4B00568D74 /* Contacts.json */ = {isa = PBXFileReference; lastKnownFileType = text.json; path = Contacts.json; sourceTree = "<group>"; xcLanguageSpecificationIdentifier = xcode.lang.javascript; };
/* End PBXFileReference section */

/* Begin PBXFrameworksBuildPhase section */
		F1CE3405219689F900568D74 /* Frameworks */ = {
			isa = PBXFrameworksBuildPhase;
			buildActionMask = 2147483647;
			files = (
			);
			runOnlyForDeploymentPostprocessing = 0;
		};
/* End PBXFrameworksBuildPhase section */

/* Begin PBXGroup section */
		F1CE33FF219689F900568D74 = {
			isa = PBXGroup;
			children = (
				F1CE340A219689F900568D74 /* Workshop */,
				F1CE3409219689F900568D74 /* Products */,
			);
			sourceTree = "<group>";
		};
		F1CE3409219689F900568D74 /* Products */ = {
			isa = PBXGroup;
			children = (
				F1CE3408219689F900568D74 /* Workshop.app */,
			);
			name = Products;
			sourceTree = "<group>";
		};
		F1CE340A219689F900568D74 /* Workshop */ = {
			isa = PBXGroup;
			children = (
				F1CE340B219689F900568D74 /* AppDelegate.swift */,
				F1CE341D219692DB00568D74 /* ContactsTableViewController.swift */,
				F1CE342521969B4B00568D74 /* Contacts.json */,
				F1CE340F219689F900568D74 /* Main.storyboard */,
				F1CE3412219689FB00568D74 /* Assets.xcassets */,
				F1CE3414219689FB00568D74 /* LaunchScreen.storyboard */,
				F1CE3417219689FB00568D74 /* Info.plist */,
			);
			path = Workshop;
			sourceTree = "<group>";
		};
/* End PBXGroup section */

/* Begin PBXNativeTarget section */
		F1CE3407219689F900568D74 /* Workshop */ = {
			isa = PBXNativeTarget;
			buildConfigurationList = F1CE341A219689FB00568D74 /* Build configuration list for PBXNativeTarget "Workshop" */;
			buildPhases = (
				F1CE3404219689F900568D74 /* Sources */,
				F1CE3405219689F900568D74 /* Frameworks */,
				F1CE3406219689F900568D74 /* Resources */,
			);
			buildRules = (
			);
			dependencies = (
			);
			name = Workshop;
			productName = Workshop;
			productReference = F1CE3408219689F900568D74 /* Workshop.app */;
			productType = "com.apple.product-type.application";
		};
/* End PBXNativeTarget section */

/* Begin PBXProject section */
		F1CE3400219689F900568D74 /* Project object */ = {
			isa = PBXProject;
			attributes = {
				LastSwiftUpdateCheck = 0940;
				LastUpgradeCheck = 0940;
				ORGANIZATIONNAME = "Naren kumar Konchada";
				TargetAttributes = {
					F1CE3407219689F900568D74 = {
						CreatedOnToolsVersion = 9.4.1;
					};
				};
			};
			buildConfigurationList = F1CE3403219689F900568D74 /* Build configuration list for PBXProject "Workshop" */;
			compatibilityVersion = "Xcode 9.3";
			developmentRegion = en;
			hasScannedForEncodings = 0;
			knownRegions = (
				en,
				Base,
			);
			mainGroup = F1CE33FF219689F900568D74;
			productRefGroup = F1CE3409219689F900568D74 /* Products */;
			projectDirPath = "";
			projectRoot = "";
			targets = (
				F1CE3407219689F900568D74 /* Workshop */,
			);
		};
/* End PBXProject section */

/* Begin PBXResourcesBuildPhase section */
		F1CE3406219689F900568D74 /* Resources */ = {
			isa = PBXResourcesBuildPhase;
			buildActionMask = 2147483647;
			files = (
				F1CE3416219689FB00568D74 /* LaunchScreen.storyboard in Resources */,
				F1CE3413219689FB00568D74 /* Assets.xcassets in Resources */,
				F1CE3411219689F900568D74 /* Main.storyboard in Resources */,
				F1CE342621969B4B00568D74 /* Contacts.json in Resources */,
			);
			runOnlyForDeploymentPostprocessing = 0;
		};
/* End PBXResourcesBuildPhase section */

/* Begin PBXSourcesBuildPhase section */
		F1CE3404219689F900568D74 /* Sources */ = {
			isa = PBXSourcesBuildPhase;
			buildActionMask = 2147483647;
			files = (
				F1CE340C219689F900568D74 /* AppDelegate.swift in Sources */,
				F1CE341E219692DB00568D74 /* ContactsTableViewController.swift in Sources */,
			);
			runOnlyForDeploymentPostprocessing = 0;
		};
/* End PBXSourcesBuildPhase section */

/* Begin PBXVariantGroup section */
		F1CE340F219689F900568D74 /* Main.storyboard */ = {
			isa = PBXVariantGroup;
			children = (
				F1CE3410219689F900568D74 /* Base */,
			);
			name = Main.storyboard;
			sourceTree = "<group>";
		};
		F1CE3414219689FB00568D74 /* LaunchScreen.storyboard */ = {
			isa = PBXVariantGroup;
			children = (
				F1CE3415219689FB00568D74 /* Base */,
			);
			name = LaunchScreen.storyboard;
			sourceTree = "<group>";
		};
/* End PBXVariantGroup section */

/* Begin XCBuildConfiguration section */
		F1CE3418219689FB00568D74 /* Debug */ = {
			isa = XCBuildConfiguration;
			buildSettings = {
				ALWAYS_SEARCH_USER_PATHS = NO;
				CLANG_ANALYZER_NONNULL = YES;
				CLANG_ANALYZER_NUMBER_OBJECT_CONVERSION = YES_AGGRESSIVE;
				CLANG_CXX_LANGUAGE_STANDARD = "gnu++14";
				CLANG_CXX_LIBRARY = "libc++";
				CLANG_ENABLE_MODULES = YES;
				CLANG_ENABLE_OBJC_ARC = YES;
				CLANG_ENABLE_OBJC_WEAK = YES;
				CLANG_WARN_BLOCK_CAPTURE_AUTORELEASING = YES;
				CLANG_WARN_BOOL_CONVERSION = YES;
				CLANG_WARN_COMMA = YES;
				CLANG_WARN_CONSTANT_CONVERSION = YES;
				CLANG_WARN_DEPRECATED_OBJC_IMPLEMENTATIONS = YES;
				CLANG_WARN_DIRECT_OBJC_ISA_USAGE = YES_ERROR;
				CLANG_WARN_DOCUMENTATION_COMMENTS = YES;
				CLANG_WARN_EMPTY_BODY = YES;
				CLANG_WARN_ENUM_CONVERSION = YES;
				CLANG_WARN_INFINITE_RECURSION = YES;
				CLANG_WARN_INT_CONVERSION = YES;
				CLANG_WARN_NON_LITERAL_NULL_CONVERSION = YES;
				CLANG_WARN_OBJC_IMPLICIT_RETAIN_SELF = YES;
				CLANG_WARN_OBJC_LITERAL_CONVERSION = YES;
				CLANG_WARN_OBJC_ROOT_CLASS = YES_ERROR;
				CLANG_WARN_RANGE_LOOP_ANALYSIS = YES;
				CLANG_WARN_STRICT_PROTOTYPES = YES;
				CLANG_WARN_SUSPICIOUS_MOVE = YES;
				CLANG_WARN_UNGUARDED_AVAILABILITY = YES_AGGRESSIVE;
				CLANG_WARN_UNREACHABLE_CODE = YES;
				CLANG_WARN__DUPLICATE_METHOD_MATCH = YES;
				CODE_SIGN_IDENTITY = "iPhone Developer";
				COPY_PHASE_STRIP = NO;
				DEBUG_INFORMATION_FORMAT = dwarf;
				ENABLE_STRICT_OBJC_MSGSEND = YES;
				ENABLE_TESTABILITY = YES;
				GCC_C_LANGUAGE_STANDARD = gnu11;
				GCC_DYNAMIC_NO_PIC = NO;
				GCC_NO_COMMON_BLOCKS = YES;
				GCC_OPTIMIZATION_LEVEL = 0;
				GCC_PREPROCESSOR_DEFINITIONS = (
					"DEBUG=1",
					"$(inherited)",
				);
				GCC_WARN_64_TO_32_BIT_CONVERSION = YES;
				GCC_WARN_ABOUT_RETURN_TYPE = YES_ERROR;
				GCC_WARN_UNDECLARED_SELECTOR = YES;
				GCC_WARN_UNINITIALIZED_AUTOS = YES_AGGRESSIVE;
				GCC_WARN_UNUSED_FUNCTION = YES;
				GCC_WARN_UNUSED_VARIABLE = YES;
				IPHONEOS_DEPLOYMENT_TARGET = 11.4;
				MTL_ENABLE_DEBUG_INFO = YES;
				ONLY_ACTIVE_ARCH = YES;
				SDKROOT = iphoneos;
				SWIFT_ACTIVE_COMPILATION_CONDITIONS = DEBUG;
				SWIFT_OPTIMIZATION_LEVEL = "-Onone";
			};
			name = Debug;
		};
		F1CE3419219689FB00568D74 /* Release */ = {
			isa = XCBuildConfiguration;
			buildSettings = {
				ALWAYS_SEARCH_USER_PATHS = NO;
				CLANG_ANALYZER_NONNULL = YES;
				CLANG_ANALYZER_NUMBER_OBJECT_CONVERSION = YES_AGGRESSIVE;
				CLANG_CXX_LANGUAGE_STANDARD = "gnu++14";
				CLANG_CXX_LIBRARY = "libc++";
				CLANG_ENABLE_MODULES = YES;
				CLANG_ENABLE_OBJC_ARC = YES;
				CLANG_ENABLE_OBJC_WEAK = YES;
				CLANG_WARN_BLOCK_CAPTURE_AUTORELEASING = YES;
				CLANG_WARN_BOOL_CONVERSION = YES;
				CLANG_WARN_COMMA = YES;
				CLANG_WARN_CONSTANT_CONVERSION = YES;
				CLANG_WARN_DEPRECATED_OBJC_IMPLEMENTATIONS = YES;
				CLANG_WARN_DIRECT_OBJC_ISA_USAGE = YES_ERROR;
				CLANG_WARN_DOCUMENTATION_COMMENTS = YES;
				CLANG_WARN_EMPTY_BODY = YES;
				CLANG_WARN_ENUM_CONVERSION = YES;
				CLANG_WARN_INFINITE_RECURSION = YES;
				CLANG_WARN_INT_CONVERSION = YES;
				CLANG_WARN_NON_LITERAL_NULL_CONVERSION = YES;
				CLANG_WARN_OBJC_IMPLICIT_RETAIN_SELF = YES;
				CLANG_WARN_OBJC_LITERAL_CONVERSION = YES;
				CLANG_WARN_OBJC_ROOT_CLASS = YES_ERROR;
				CLANG_WARN_RANGE_LOOP_ANALYSIS = YES;
				CLANG_WARN_STRICT_PROTOTYPES = YES;
				CLANG_WARN_SUSPICIOUS_MOVE = YES;
				CLANG_WARN_UNGUARDED_AVAILABILITY = YES_AGGRESSIVE;
				CLANG_WARN_UNREACHABLE_CODE = YES;
				CLANG_WARN__DUPLICATE_METHOD_MATCH = YES;
				CODE_SIGN_IDENTITY = "iPhone Developer";
				COPY_PHASE_STRIP = NO;
				DEBUG_INFORMATION_FORMAT = "dwarf-with-dsym";
				ENABLE_NS_ASSERTIONS = NO;
				ENABLE_STRICT_OBJC_MSGSEND = YES;
				GCC_C_LANGUAGE_STANDARD = gnu11;
				GCC_NO_COMMON_BLOCKS = YES;
				GCC_WARN_64_TO_32_BIT_CONVERSION = YES;
				GCC_WARN_ABOUT_RETURN_TYPE = YES_ERROR;
				GCC_WARN_UNDECLARED_SELECTOR = YES;
				GCC_WARN_UNINITIALIZED_AUTOS = YES_AGGRESSIVE;
				GCC_WARN_UNUSED_FUNCTION = YES;
				GCC_WARN_UNUSED_VARIABLE = YES;
				IPHONEOS_DEPLOYMENT_TARGET = 11.4;
				MTL_ENABLE_DEBUG_INFO = NO;
				SDKROOT = iphoneos;
				SWIFT_COMPILATION_MODE = wholemodule;
				SWIFT_OPTIMIZATION_LEVEL = "-O";
				VALIDATE_PRODUCT = YES;
			};
			name = Release;
		};
		F1CE341B219689FB00568D74 /* Debug */ = {
			isa = XCBuildConfiguration;
			buildSettings = {
				ASSETCATALOG_COMPILER_APPICON_NAME = AppIcon;
				CODE_SIGN_IDENTITY = "iPhone Developer";
				CODE_SIGN_STYLE = Manual;
				DEVELOPMENT_TEAM = "";
				INFOPLIST_FILE = Workshop/Info.plist;
				LD_RUNPATH_SEARCH_PATHS = (
					"$(inherited)",
					"@executable_path/Frameworks",
				);
				PRODUCT_BUNDLE_IDENTIFIER = naren.Workshop;
				PRODUCT_NAME = "$(TARGET_NAME)";
				PROVISIONING_PROFILE_SPECIFIER = "";
				SWIFT_VERSION = 4.0;
				TARGETED_DEVICE_FAMILY = "1,2";
			};
			name = Debug;
		};
		F1CE341C219689FB00568D74 /* Release */ = {
			isa = XCBuildConfiguration;
			buildSettings = {
				ASSETCATALOG_COMPILER_APPICON_NAME = AppIcon;
				CODE_SIGN_IDENTITY = "iPhone Developer";
				CODE_SIGN_STYLE = Manual;
				DEVELOPMENT_TEAM = "";
				INFOPLIST_FILE = Workshop/Info.plist;
				LD_RUNPATH_SEARCH_PATHS = (
					"$(inherited)",
					"@executable_path/Frameworks",
				);
				PRODUCT_BUNDLE_IDENTIFIER = naren.Workshop;
				PRODUCT_NAME = "$(TARGET_NAME)";
				PROVISIONING_PROFILE_SPECIFIER = "";
				SWIFT_VERSION = 4.0;
				TARGETED_DEVICE_FAMILY = "1,2";
			};
			name = Release;
		};
/* End XCBuildConfiguration section */

/* Begin XCConfigurationList section */
		F1CE3403219689F900568D74 /* Build configuration list for PBXProject "Workshop" */ = {
			isa = XCConfigurationList;
			buildConfigurations = (
				F1CE3418219689FB00568D74 /* Debug */,
				F1CE3419219689FB00568D74 /* Release */,
			);
			defaultConfigurationIsVisible = 0;
			defaultConfigurationName = Release;
		};
		F1CE341A219689FB00568D74 /* Build configuration list for PBXNativeTarget "Workshop" */ = {
			isa = XCConfigurationList;
			buildConfigurations = (
				F1CE341B219689FB00568D74 /* Debug */,
				F1CE341C219689FB00568D74 /* Release */,
			);
			defaultConfigurationIsVisible = 0;
			defaultConfigurationName = Release;
		};
/* End XCConfigurationList section */
	};
	rootObject = F1CE3400219689F900568D74 /* Project object */;
}
